
Microsoft Visual Studio Solution File, Format Version 12.00
# Visual Studio Version 17
VisualStudioVersion = 17.2.32616.157
MinimumVisualStudioVersion = 10.0.40219.1
Project("{FAE04EC0-301F-11D3-BF4B-00C04F79EFBC}") = "Ueco.CLI", "Ueco.CLI\Ueco.CLI.csproj", "{875F24DB-FAF4-4FCB-922B-409D0EE4E228}"
EndProject
Global
	GlobalSection(SolutionConfigurationPlatforms) = preSolution
		Debug|Any CPU = Debug|Any CPU
		Release|Any CPU = Release|Any CPU
	EndGlobalSection
	GlobalSection(ProjectConfigurationPlatforms) = postSolution
		{875F24DB-FAF4-4FCB-922B-409D0EE4E228}.Debug|Any CPU.ActiveCfg = Debug|Any CPU
		{875F24DB-FAF4-4FCB-922B-409D0EE4E228}.Debug|Any CPU.Build.0 = Debug|Any CPU
		{875F24DB-FAF4-4FCB-922B-409D0EE4E228}.Release|Any CPU.ActiveCfg = Release|Any CPU
		{875F24DB-FAF4-4FCB-922B-409D0EE4E228}.Release|Any CPU.Build.0 = Release|Any CPU
	EndGlobalSection
	GlobalSection(SolutionProperties) = preSolution
		HideSolutionNode = FALSE
	EndGlobalSection
	GlobalSection(ExtensibilityGlobals) = postSolution
		SolutionGuid = {1B4EE220-36A8-41F5-A3FD-FFB5F8E8F95B}
	EndGlobalSection
EndGlobal
